<?xml version="1.0" encoding="UTF-8" standalone="yes" ?>
<CodeBlocks_project_file>
	<FileVersion major="1" minor="6" />
	<Project>
		<Option title="DBusTest" />
		<Option pch_mode="2" />
		<Option compiler="gcc" />
		<Build>
			<Target title="Debug">
				<Option output="bin/Debug/DBusTest" prefix_auto="1" extension_auto="1" />
				<Option object_output="obj/Debug/" />
				<Option type="1" />
				<Option compiler="gcc" />
				<Compiler>
					<Add option="-g" />
					<Add option="-lglib-2.0 -lgobject-2.0 -lgio-2.0" />
				</Compiler>
				<Linker>
					<Add option="-lglib-2.0 -lgobject-2.0 -lgio-2.0" />
				</Linker>
			</Target>
			<Target title="Release">
				<Option output="bin/Release/DBusTest" prefix_auto="1" extension_auto="1" />
				<Option object_output="obj/Release/" />
				<Option type="1" />
				<Option compiler="gcc" />
				<Compiler>
					<Add option="-O2" />
				</Compiler>
				<Linker>
					<Add option="-s" />
				</Linker>
			</Target>
		</Build>
		<Compiler>
			<Add option="-Wall" />
			<Add option="-I/usr/include/dbus-1.0 \" />
			<Add option="-I/usr/lib/x86_64-linux-gnu/dbus-1.0/include \" />
			<Add option="-I/usr/include/glib-2.0 \" />
			<Add option="-I/usr/lib/x86_64-linux-gnu/glib-2.0/include/ \" />
			<Add option="-ldbus-1 \" />
			<Add option="-ldbus-glib-1" />
		</Compiler>
		<Linker>
			<Add option="-I/usr/include/dbus-1.0 \" />
			<Add option="-I/usr/lib/x86_64-linux-gnu/dbus-1.0/include \" />
			<Add option="-I/usr/include/glib-2.0 \" />
			<Add option="-I/usr/lib/x86_64-linux-gnu/glib-2.0/include/ \" />
			<Add option="-ldbus-1 \" />
			<Add option="-ldbus-glib-1" />
		</Linker>
		<Unit filename="dbus-daemon.c">
			<Option compilerVar="CC" />
		</Unit>
		<Unit filename="dbus.c">
			<Option compilerVar="CC" />
			<Option target="Release" />
		</Unit>
		<Extensions>
			<envvars />
			<code_completion />
			<lib_finder disable_auto="1" />
			<debugger />
		</Extensions>
	</Project>
</CodeBlocks_project_file>
